{
  "lockfileVersion": 1,
  "configVersion": 1,
  "workspaces": {
    "": {
      "name": "donations-indexer",
      "dependencies": {
        "@subsquid/evm-processor": "1.30.1",
        "@subsquid/util-internal-processor-tools": "4.4.0",
        "dotenv": "16.4.7",
        "pg": "8.13.1",
      },
      "devDependencies": {
        "@types/bun": "1.1.14",
        "@types/node": "22.13.4",
        "@types/pg": "8.11.10",
        "typescript": "5.7.3",
      },
    },
  },
  "packages": {
    "@subsquid/evm-processor": ["@subsquid/evm-processor@1.30.1", "", { "dependencies": { "@subsquid/http-client": "^1.8.1", "@subsquid/logger": "^1.6.0", "@subsquid/rpc-client": "^4.15.0", "@subsquid/util-internal": "^3.3.0", "@subsquid/util-internal-archive-client": "^0.2.1", "@subsquid/util-internal-hex": "^1.2.3", "@subsquid/util-internal-ingest-tools": "^1.1.5", "@subsquid/util-internal-processor-tools": "^4.4.0", "@subsquid/util-internal-range": "^0.3.0", "@subsquid/util-internal-validation": "^0.9.0", "@subsquid/util-timeout": "^2.3.2" } }, "sha512-7wOZaaw2lBVfSnhiDBDwUTf93jv7G6A6AdmqV4OWs9GWXLcQAdmL8PgcCFTKguMFvxgXsSx5y+uWs7llWDecLA=="],

    "@subsquid/http-client": ["@subsquid/http-client@1.8.1", "", { "dependencies": { "@subsquid/logger": "^1.6.0", "@subsquid/util-internal": "^3.3.0", "node-fetch": "^3.3.2" } }, "sha512-JDOqZ2DxhOfmZaoeo0+l3MOseTbbhVAz+3VkNBAhfOdenHTKHTYrywjC1AbqtzFZCswW7ErSFsEsIk+y5GsbGQ=="],

    "@subsquid/logger": ["@subsquid/logger@1.6.0", "", { "dependencies": { "@subsquid/util-internal-hex": "^1.2.3", "@subsquid/util-internal-json": "^1.2.3", "supports-color": "^8.1.1" } }, "sha512-k33Cw1uO+Boha08arS8nhr0VHfT+bTWGe/hTZDeCDMoa2i0SUgkiDGDkgqTQof6y/N/kl30KzPvAAGqwJ6MJNw=="],

    "@subsquid/rpc-client": ["@subsquid/rpc-client@4.15.0", "", { "dependencies": { "@subsquid/http-client": "^1.8.1", "@subsquid/logger": "^1.6.0", "@subsquid/util-internal": "^3.3.0", "@subsquid/util-internal-binary-heap": "^1.0.0", "@subsquid/util-internal-counters": "^1.3.2", "@subsquid/util-internal-json-fix-unsafe-integers": "^0.0.0", "websocket": "^1.0.34" } }, "sha512-RwE0TNvX6fyUKk5DB4xXKlZgTLeENkYEHWeCIJH4GJylO4Os2GXYaytzr3NeZc8of7E49qz/HMFSxQvw//Hxyw=="],

    "@subsquid/util-internal": ["@subsquid/util-internal@3.3.0", "", {}, "sha512-WmMPHnqJcVIjM7BRNSd5uGYHVqlakr4fbyUIM2vQmfVx8V2ks+EWoreV0vsnSIyvDEqnoGJl8945xVhYkGkE3A=="],

    "@subsquid/util-internal-archive-client": ["@subsquid/util-internal-archive-client@0.2.1", "", { "dependencies": { "@subsquid/util-internal": "^3.2.0", "@subsquid/util-internal-range": "^0.3.0" }, "peerDependencies": { "@subsquid/http-client": "^1.8.0", "@subsquid/logger": "^1.5.0" }, "optionalPeers": ["@subsquid/logger"] }, "sha512-jGO3revw8fPSnbEDOZ1ciyZ6sbk9oPbieC8O0n9LipF5Bpc7BBIN6SyTfG9r3bXL86AzN4iMtCKuLtUbkvaFlw=="],

    "@subsquid/util-internal-binary-heap": ["@subsquid/util-internal-binary-heap@1.0.0", "", {}, "sha512-88auuc8yNFmCZugmJSTYzS7WM/nN2obKGQCgrl8Jty5rJUFbqazGSi8icqftKhv6MPtUMJ3PSTRLiTFXAUGnAA=="],

    "@subsquid/util-internal-counters": ["@subsquid/util-internal-counters@1.3.2", "", {}, "sha512-GxpOIL36JXSo0KdOT7k6CsI4DY804rn/X7pTdfKhych0ReHaDghnwNyvgb7Njv9euEHWUt4MxXbfQ9YrbpPDng=="],

    "@subsquid/util-internal-hex": ["@subsquid/util-internal-hex@1.2.3", "", {}, "sha512-rGIQKHP+RpriJR56oL/AD43H/KX1EQwsvUy8nP6IHnk/vmaLyC2ECTp5n0jB7kq4NYK4C2VotP3lXHR0vWpa0A=="],

    "@subsquid/util-internal-http-server": ["@subsquid/util-internal-http-server@2.0.1", "", { "dependencies": { "@subsquid/logger": "^1.4.0", "stoppable": "^1.1.0" } }, "sha512-qDR1k+vCoLTtQX0O9cXg5kFmBqHf4708EKQLqH3IaQ4XiK1d/QFBQy8cDNZxXA6WxmkwJy4u9jaCZcpd2BrBQw=="],

    "@subsquid/util-internal-ingest-tools": ["@subsquid/util-internal-ingest-tools@1.2.0", "", { "dependencies": { "@subsquid/logger": "^1.6.0", "@subsquid/util-internal": "^3.3.0", "@subsquid/util-internal-range": "^0.3.0" }, "peerDependencies": { "@subsquid/util-internal-archive-client": "^0.2.1" }, "optionalPeers": ["@subsquid/util-internal-archive-client"] }, "sha512-Uufe/pvJ0fBm6UAQetuxGtvZqc1CcwlOtNRiDgZTXiYfyjT2BeykLLiuTQaQ5Pv8iVLRxqfJngge7A63eGvhnQ=="],

    "@subsquid/util-internal-json": ["@subsquid/util-internal-json@1.2.3", "", { "dependencies": { "@subsquid/util-internal-hex": "^1.2.2" } }, "sha512-H5qW5kG20IzVMpb7GhPbVRxGuACEf1DPIXE1+LNXYxt8t/GX4zQREQWHRvCB3lck+RORLJD3WJbQUtxN5UYB3Q=="],

    "@subsquid/util-internal-json-fix-unsafe-integers": ["@subsquid/util-internal-json-fix-unsafe-integers@0.0.0", "", {}, "sha512-mtbN15IgXtV4yo98RQla+O3DhFwB28o3JTBrFuBc/i/qzxyZNbKoVdq/uczomGdXrHxGkWhTDe/istIQe9gn6w=="],

    "@subsquid/util-internal-processor-tools": ["@subsquid/util-internal-processor-tools@4.4.0", "", { "dependencies": { "@subsquid/logger": "^1.5.0", "@subsquid/util-internal": "^3.2.0", "@subsquid/util-internal-counters": "^1.3.2", "@subsquid/util-internal-prometheus-server": "^1.3.0", "@subsquid/util-internal-range": "^0.3.0", "@subsquid/util-internal-squid-id": "^0.0.0", "prom-client": "^14.2.0" } }, "sha512-Ov2gFOcaGr7qVhYoqx+EIUjskGLRJRImQaEal5e0uNjX1sLG1bKfz+rXh1YMYCIUFwKd86fAGyLjVWwvnG0V8w=="],

    "@subsquid/util-internal-prometheus-server": ["@subsquid/util-internal-prometheus-server@1.3.0", "", { "dependencies": { "@subsquid/util-internal-http-server": "^2.0.0" }, "peerDependencies": { "prom-client": "^14.2.0" } }, "sha512-E/ch5mxBg1CIGPsuAqUAQ7vVln2oTPm+Rl+0WYweH8JeZ81rD01XAmxhDuZzZnMMMzfZd9W4NlE4mCXbhSY1Ug=="],

    "@subsquid/util-internal-range": ["@subsquid/util-internal-range@0.3.0", "", { "dependencies": { "@subsquid/util-internal": "^3.1.0", "@subsquid/util-internal-binary-heap": "^1.0.0" } }, "sha512-5/oDNW0TS66o4vWRzYSYXEfNnFRZsAzoi4pZNdPn7n1l+xV7ZTa0Y57XA6cP5hrWCaIYav4z1zECPngLDV/qeQ=="],

    "@subsquid/util-internal-squid-id": ["@subsquid/util-internal-squid-id@0.0.0", "", {}, "sha512-LyVZIGUbC87r+3VFBRiNOEycxvpkOEEjt5enY02iGl6MneLwq3m17D44xAkwfFj/U+t7GA76eeHIoI2ZkiQKog=="],

    "@subsquid/util-internal-validation": ["@subsquid/util-internal-validation@0.9.0", "", { "peerDependencies": { "@subsquid/logger": "^1.6.0" }, "optionalPeers": ["@subsquid/logger"] }, "sha512-S9j/o1gmKz4qTf0O8B9mpGV6Z+WhIe6xDLhKvpzJ7IaMqkDUHTu386Hx8IXyTJf/RY9ABunfGLI9q9uJln9wSA=="],

    "@subsquid/util-timeout": ["@subsquid/util-timeout@2.3.2", "", {}, "sha512-DVUnuiWAX7/4ZvbzuHENUShEEV4G0M38mQ/+R8DpHxwpCSrtEaSRaUMwdyUSn/WVqR7wo9+jkLCxFjE5feCURQ=="],

    "@types/bun": ["@types/bun@1.1.14", "", { "dependencies": { "bun-types": "1.1.37" } }, "sha512-opVYiFGtO2af0dnWBdZWlioLBoxSdDO5qokaazLhq8XQtGZbY4pY3/JxY8Zdf/hEwGubbp7ErZXoN1+h2yesxA=="],

    "@types/node": ["@types/node@22.13.4", "", { "dependencies": { "undici-types": "~6.20.0" } }, "sha512-ywP2X0DYtX3y08eFVx5fNIw7/uIv8hYUKgXoK8oayJlLnKcRfEYCxWMVE1XagUdVtCJlZT1AU4LXEABW+L1Peg=="],

    "@types/pg": ["@types/pg@8.11.10", "", { "dependencies": { "@types/node": "*", "pg-protocol": "*", "pg-types": "^4.0.1" } }, "sha512-LczQUW4dbOQzsH2RQ5qoeJ6qJPdrcM/DcMLoqWQkMLMsq83J5lAX3LXjdkWdpscFy67JSOWDnh7Ny/sPFykmkg=="],

    "@types/ws": ["@types/ws@8.5.14", "", { "dependencies": { "@types/node": "*" } }, "sha512-bd/YFLW+URhBzMXurx7lWByOu+xzU9+kb3RboOteXYDfW+tr+JZa99OyNmPINEGB/ahzKrEuc8rcv4gnpJmxTw=="],

    "bintrees": ["bintrees@1.0.2", "", {}, "sha512-VOMgTMwjAaUG580SXn3LacVgjurrbMme7ZZNYGSSV7mmtY6QQRh0Eg3pwIcntQ77DErK1L0NxkbetjcoXzVwKw=="],

    "bufferutil": ["bufferutil@4.1.0", "", { "dependencies": { "node-gyp-build": "^4.3.0" } }, "sha512-ZMANVnAixE6AWWnPzlW2KpUrxhm9woycYvPOo67jWHyFowASTEd9s+QN1EIMsSDtwhIxN4sWE1jotpuDUIgyIw=="],

    "bun-types": ["bun-types@1.1.37", "", { "dependencies": { "@types/node": "~20.12.8", "@types/ws": "~8.5.10" } }, "sha512-C65lv6eBr3LPJWFZ2gswyrGZ82ljnH8flVE03xeXxKhi2ZGtFiO4isRKTKnitbSqtRAcaqYSR6djt1whI66AbA=="],

    "d": ["d@1.0.2", "", { "dependencies": { "es5-ext": "^0.10.64", "type": "^2.7.2" } }, "sha512-MOqHvMWF9/9MX6nza0KgvFH4HpMU0EF5uUDXqX/BtxtU8NfB0QzRtJ8Oe/6SuS4kbhyzVJwjd97EA4PKrzJ8bw=="],

    "data-uri-to-buffer": ["data-uri-to-buffer@4.0.1", "", {}, "sha512-0R9ikRb668HB7QDxT1vkpuUBtqc53YyAwMwGeUFKRojY/NWKvdZ+9UYtRfGmhqNbRkTSVpMbmyhXipFFv2cb/A=="],

    "debug": ["debug@2.6.9", "", { "dependencies": { "ms": "2.0.0" } }, "sha512-bC7ElrdJaJnPbAP+1EotYvqZsb3ecl5wi6Bfi6BJTUcNowp6cvspg0jXznRTKDjm/E7AdgFBVeAPVMNcKGsHMA=="],

    "dotenv": ["dotenv@16.4.7", "", {}, "sha512-47qPchRCykZC03FhkYAhrvwU4xDBFIj1QPqaarj6mdM/hgUzfPHcpkHJOn3mJAufFeeAxAzeGsr5X0M4k6fLZQ=="],

    "es5-ext": ["es5-ext@0.10.64", "", { "dependencies": { "es6-iterator": "^2.0.3", "es6-symbol": "^3.1.3", "esniff": "^2.0.1", "next-tick": "^1.1.0" } }, "sha512-p2snDhiLaXe6dahss1LddxqEm+SkuDvV8dnIQG0MWjyHpcMNfXKPE+/Cc0y+PhxJX3A4xGNeFCj5oc0BUh6deg=="],

    "es6-iterator": ["es6-iterator@2.0.3", "", { "dependencies": { "d": "1", "es5-ext": "^0.10.35", "es6-symbol": "^3.1.1" } }, "sha512-zw4SRzoUkd+cl+ZoE15A9o1oQd920Bb0iOJMQkQhl3jNc03YqVjAhG7scf9C5KWRU/R13Orf588uCC6525o02g=="],

    "es6-symbol": ["es6-symbol@3.1.4", "", { "dependencies": { "d": "^1.0.2", "ext": "^1.7.0" } }, "sha512-U9bFFjX8tFiATgtkJ1zg25+KviIXpgRvRHS8sau3GfhVzThRQrOeksPeT0BWW2MNZs1OEWJ1DPXOQMn0KKRkvg=="],

    "esniff": ["esniff@2.0.1", "", { "dependencies": { "d": "^1.0.1", "es5-ext": "^0.10.62", "event-emitter": "^0.3.5", "type": "^2.7.2" } }, "sha512-kTUIGKQ/mDPFoJ0oVfcmyJn4iBDRptjNVIzwIFR7tqWXdVI9xfA2RMwY/gbSpJG3lkdWNEjLap/NqVHZiJsdfg=="],

    "event-emitter": ["event-emitter@0.3.5", "", { "dependencies": { "d": "1", "es5-ext": "~0.10.14" } }, "sha512-D9rRn9y7kLPnJ+hMq7S/nhvoKwwvVJahBi2BPmx3bvbsEdK3W9ii8cBSGjP+72/LnM4n6fo3+dkCX5FeTQruXA=="],

    "ext": ["ext@1.7.0", "", { "dependencies": { "type": "^2.7.2" } }, "sha512-6hxeJYaL110a9b5TEJSj0gojyHQAmA2ch5Os+ySCiA1QGdS697XWY1pzsrSjqA9LDEEgdB/KypIlR59RcLuHYw=="],

    "fetch-blob": ["fetch-blob@3.2.0", "", { "dependencies": { "node-domexception": "^1.0.0", "web-streams-polyfill": "^3.0.3" } }, "sha512-7yAQpD2UMJzLi1Dqv7qFYnPbaPx7ZfFK6PiIxQ4PfkGPyNyl2Ugx+a/umUonmKqjhM4DnfbMvdX6otXq83soQQ=="],

    "formdata-polyfill": ["formdata-polyfill@4.0.10", "", { "dependencies": { "fetch-blob": "^3.1.2" } }, "sha512-buewHzMvYL29jdeQTVILecSaZKnt/RJWjoZCF5OW60Z67/GmSLBkOFM7qh1PI3zFNtJbaZL5eQu1vLfazOwj4g=="],

    "has-flag": ["has-flag@4.0.0", "", {}, "sha512-EykJT/Q1KjTWctppgIAgfSO0tKVuZUjhgMr17kqTumMl6Afv3EISleU7qZUzoXDFTAHTDC4NOoG/ZxU3EvlMPQ=="],

    "is-typedarray": ["is-typedarray@1.0.0", "", {}, "sha512-cyA56iCMHAh5CdzjJIa4aohJyeO1YbwLi3Jc35MmRU6poroFjIGZzUzupGiRPOjgHg9TLu43xbpwXk523fMxKA=="],

    "ms": ["ms@2.0.0", "", {}, "sha512-Tpp60P6IUJDTuOq/5Z8cdskzJujfwqfOTkrwIwj7IRISpnkJnT6SyJ4PCPnGMoFjC9ddhal5KVIYtAt97ix05A=="],

    "next-tick": ["next-tick@1.1.0", "", {}, "sha512-CXdUiJembsNjuToQvxayPZF9Vqht7hewsvy2sOWafLvi2awflj9mOC6bHIg50orX8IJvWKY9wYQ/zB2kogPslQ=="],

    "node-domexception": ["node-domexception@1.0.0", "", {}, "sha512-/jKZoMpw0F8GRwl4/eLROPA3cfcXtLApP0QzLmUT/HuPCZWyB7IY9ZrMeKw2O/nFIqPQB3PVM9aYm0F312AXDQ=="],

    "node-fetch": ["node-fetch@3.3.2", "", { "dependencies": { "data-uri-to-buffer": "^4.0.0", "fetch-blob": "^3.1.4", "formdata-polyfill": "^4.0.10" } }, "sha512-dRB78srN/l6gqWulah9SrxeYnxeddIG30+GOqK/9OlLVyLg3HPnr6SqOWTWOXKRwC2eGYCkZ59NNuSgvSrpgOA=="],

    "node-gyp-build": ["node-gyp-build@4.8.4", "", { "bin": { "node-gyp-build": "bin.js", "node-gyp-build-optional": "optional.js", "node-gyp-build-test": "build-test.js" } }, "sha512-LA4ZjwlnUblHVgq0oBF3Jl/6h/Nvs5fzBLwdEF4nuxnFdsfajde4WfxtJr3CaiH+F6ewcIB/q4jQ4UzPyid+CQ=="],

    "obuf": ["obuf@1.1.2", "", {}, "sha512-PX1wu0AmAdPqOL1mWhqmlOd8kOIZQwGZw6rh7uby9fTc5lhaOWFLX3I6R1hrF9k3zUY40e6igsLGkDXK92LJNg=="],

    "pg": ["pg@8.13.1", "", { "dependencies": { "pg-connection-string": "^2.7.0", "pg-pool": "^3.7.0", "pg-protocol": "^1.7.0", "pg-types": "^2.1.0", "pgpass": "1.x" }, "optionalDependencies": { "pg-cloudflare": "^1.1.1" }, "peerDependencies": { "pg-native": ">=3.0.1" }, "optionalPeers": ["pg-native"] }, "sha512-OUir1A0rPNZlX//c7ksiu7crsGZTKSOXJPgtNiHGIlC9H0lO+NC6ZDYksSgBYY/thSWhnSRBv8w1lieNNGATNQ=="],

    "pg-cloudflare": ["pg-cloudflare@1.4.0", "", {}, "sha512-Vo7z/6rrQYxpNRylp4Tlob2elzbh+N/MOQbxFVWCxS7oEx6jF53GTJFxK2WWpKuBRkmiin4Mt+xofFDjx09R0A=="],

    "pg-connection-string": ["pg-connection-string@2.13.0", "", {}, "sha512-EMnU9E2fSULdsbErBbMaXJvFeD9B4+nPcM3f+4lsiCR0BHLPrLVjv3DbyM2hgQQviKJaTWIRRTjKjWlHg3p2ig=="],

    "pg-int8": ["pg-int8@1.0.1", "", {}, "sha512-WCtabS6t3c8SkpDBUlb1kjOs7l66xsGdKpIPZsg4wR+B3+u9UAum2odSsF9tnvxg80h4ZxLWMy4pRjOsFIqQpw=="],

    "pg-numeric": ["pg-numeric@1.0.2", "", {}, "sha512-BM/Thnrw5jm2kKLE5uJkXqqExRUY/toLHda65XgFTBTFYZyopbKjBe29Ii3RbkvlsMoFwD+tHeGaCjjv0gHlyw=="],

    "pg-pool": ["pg-pool@3.14.0", "", { "peerDependencies": { "pg": ">=8.0" } }, "sha512-gKtPkFdQPU3DksooVLi9LsjZxrsBUZIpa+7aVx+LV5pNh0KzP4Zleud2po+ConrxbuXGBJ6Hfer6hdgpIBpBaw=="],

    "pg-protocol": ["pg-protocol@1.14.0", "", {}, "sha512-n5taZ1kO3s9ngDTVxsEznOqCyToTgz0FLuPq0B33COy5pPpuWJpY3/2oRBVETuOgzdqRXfWpM9HIhp2LBBT1BA=="],

    "pg-types": ["pg-types@4.1.0", "", { "dependencies": { "pg-int8": "1.0.1", "pg-numeric": "1.0.2", "postgres-array": "~3.0.1", "postgres-bytea": "~3.0.0", "postgres-date": "~2.1.0", "postgres-interval": "^3.0.0", "postgres-range": "^1.1.1" } }, "sha512-o2XFanIMy/3+mThw69O8d4n1E5zsLhdO+OPqswezu7Z5ekP4hYDqlDjlmOpYMbzY2Br0ufCwJLdDIXeNVwcWFg=="],

    "pgpass": ["pgpass@1.0.5", "", { "dependencies": { "split2": "^4.1.0" } }, "sha512-FdW9r/jQZhSeohs1Z3sI1yxFQNFvMcnmfuj4WBMUTxOrAyLMaTcE1aAMBiTlbMNaXvBCQuVi0R7hd8udDSP7ug=="],

    "postgres-array": ["postgres-array@3.0.4", "", {}, "sha512-nAUSGfSDGOaOAEGwqsRY27GPOea7CNipJPOA7lPbdEpx5Kg3qzdP0AaWC5MlhTWV9s4hFX39nomVZ+C4tnGOJQ=="],

    "postgres-bytea": ["postgres-bytea@3.0.0", "", { "dependencies": { "obuf": "~1.1.2" } }, "sha512-CNd4jim9RFPkObHSjVHlVrxoVQXz7quwNFpz7RY1okNNme49+sVyiTvTRobiLV548Hx/hb1BG+iE7h9493WzFw=="],

    "postgres-date": ["postgres-date@2.1.0", "", {}, "sha512-K7Juri8gtgXVcDfZttFKVmhglp7epKb1K4pgrkLxehjqkrgPhfG6OO8LHLkfaqkbpjNRnra018XwAr1yQFWGcA=="],

    "postgres-interval": ["postgres-interval@3.0.0", "", {}, "sha512-BSNDnbyZCXSxgA+1f5UU2GmwhoI0aU5yMxRGO8CdFEcY2BQF9xm/7MqKnYoM1nJDk8nONNWDk9WeSmePFhQdlw=="],

    "postgres-range": ["postgres-range@1.1.4", "", {}, "sha512-i/hbxIE9803Alj/6ytL7UHQxRvZkI9O4Sy+J3HGc4F4oo/2eQAjTSNJ0bfxyse3bH0nuVesCk+3IRLaMtG3H6w=="],

    "prom-client": ["prom-client@14.2.0", "", { "dependencies": { "tdigest": "^0.1.1" } }, "sha512-sF308EhTenb/pDRPakm+WgiN+VdM/T1RaHj1x+MvAuT8UiQP8JmOEbxVqtkbfR4LrvOg5n7ic01kRBDGXjYikA=="],

    "split2": ["split2@4.2.0", "", {}, "sha512-UcjcJOWknrNkF6PLX83qcHM6KHgVKNkV62Y8a5uYDVv9ydGQVwAHMKqHdJje1VTWpljG0WYpCDhrCdAOYH4TWg=="],

    "stoppable": ["stoppable@1.1.0", "", {}, "sha512-KXDYZ9dszj6bzvnEMRYvxgeTHU74QBFL54XKtP3nyMuJ81CFYtABZ3bAzL2EdFUaEwJOBOgENyFj3R7oTzDyyw=="],

    "supports-color": ["supports-color@8.1.1", "", { "dependencies": { "has-flag": "^4.0.0" } }, "sha512-MpUEN2OodtUzxvKQl72cUF7RQ5EiHsGvSsVG0ia9c5RbWGL2CI4C7EpPS8UTBIplnlzZiNuV56w+FuNxy3ty2Q=="],

    "tdigest": ["tdigest@0.1.2", "", { "dependencies": { "bintrees": "1.0.2" } }, "sha512-+G0LLgjjo9BZX2MfdvPfH+MKLCrxlXSYec5DaPYP1fe6Iyhf0/fSmJ0bFiZ1F8BT6cGXl2LpltQptzjXKWEkKA=="],

    "type": ["type@2.7.3", "", {}, "sha512-8j+1QmAbPvLZow5Qpi6NCaN8FB60p/6x8/vfNqOk/hC+HuvFZhL4+WfekuhQLiqFZXOgQdrs3B+XxEmCc6b3FQ=="],

    "typedarray-to-buffer": ["typedarray-to-buffer@3.1.5", "", { "dependencies": { "is-typedarray": "^1.0.0" } }, "sha512-zdu8XMNEDepKKR+XYOXAVPtWui0ly0NtohUscw+UmaHiAWT8hrV1rr//H6V+0DvJ3OQ19S979M0laLfX8rm82Q=="],

    "typescript": ["typescript@5.7.3", "", { "bin": { "tsc": "bin/tsc", "tsserver": "bin/tsserver" } }, "sha512-84MVSjMEHP+FQRPy3pX9sTVV/INIex71s9TL2Gm5FG/WG1SqXeKyZ0k7/blY/4FdOzI12CBy1vGc4og/eus0fw=="],

    "undici-types": ["undici-types@6.20.0", "", {}, "sha512-Ny6QZ2Nju20vw1SRHe3d9jVu6gJ+4e3+MMpqu7pqE5HT6WsTSlce++GQmK5UXS8mzV8DSYHrQH+Xrf2jVcuKNg=="],

    "utf-8-validate": ["utf-8-validate@5.0.10", "", { "dependencies": { "node-gyp-build": "^4.3.0" } }, "sha512-Z6czzLq4u8fPOyx7TU6X3dvUZVvoJmxSQ+IcrlmagKhilxlhZgxPK6C5Jqbkw1IDUmFTM+cz9QDnnLTwDz/2gQ=="],

    "web-streams-polyfill": ["web-streams-polyfill@3.3.3", "", {}, "sha512-d2JWLCivmZYTSIoge9MsgFCZrt571BikcWGYkjC1khllbTeDlGqZ2D8vD8E/lJa8WGWbb7Plm8/XJYV7IJHZZw=="],

    "websocket": ["websocket@1.0.35", "", { "dependencies": { "bufferutil": "^4.0.1", "debug": "^2.2.0", "es5-ext": "^0.10.63", "typedarray-to-buffer": "^3.1.5", "utf-8-validate": "^5.0.2", "yaeti": "^0.0.6" } }, "sha512-/REy6amwPZl44DDzvRCkaI1q1bIiQB0mEFQLUrhz3z2EK91cp3n72rAjUlrTP0zV22HJIUOVHQGPxhFRjxjt+Q=="],

    "xtend": ["xtend@4.0.2", "", {}, "sha512-LKYU1iAXJXUgAXn9URjiu+MWhyUXHsvfp7mcuYm9dSUKK0/CjtrUwFAxD82/mCWbtLsGjFIad0wIsod4zrTAEQ=="],

    "yaeti": ["yaeti@0.0.6", "", {}, "sha512-MvQa//+KcZCUkBTIC9blM+CU9J2GzuTytsOUwf2lidtvkx/6gnEp1QvJv34t9vdjhFmha/mUiNDbN0D0mJWdug=="],

    "bun-types/@types/node": ["@types/node@20.12.14", "", { "dependencies": { "undici-types": "~5.26.4" } }, "sha512-scnD59RpYD91xngrQQLGkE+6UrHUPzeKZWhhjBSa3HSkwjbQc38+q3RoIVEwxQGRw3M+j5hpNAM+lgV3cVormg=="],

    "pg/pg-types": ["pg-types@2.2.0", "", { "dependencies": { "pg-int8": "1.0.1", "postgres-array": "~2.0.0", "postgres-bytea": "~1.0.0", "postgres-date": "~1.0.4", "postgres-interval": "^1.1.0" } }, "sha512-qTAAlrEsl8s4OiEQY69wDvcMIdQN6wdz5ojQiOy6YRMuynxenON0O5oCpJI6lshc6scgAY8qvJ2On/p+CXY0GA=="],

    "bun-types/@types/node/undici-types": ["undici-types@5.26.5", "", {}, "sha512-JlCMO+ehdEIKqlFxk6IfVoAUVmgz7cU7zD/h9XZ0qzeosSHmUJVOzSQvvYSYWXkFXC+IfLKSIffhv0sVZup6pA=="],

    "pg/pg-types/postgres-array": ["postgres-array@2.0.0", "", {}, "sha512-VpZrUqU5A69eQyW2c5CA1jtLecCsN2U/bD6VilrFDWq5+5UIEVO7nazS3TEcHf1zuPYO/sqGvUvW62g86RXZuA=="],

    "pg/pg-types/postgres-bytea": ["postgres-bytea@1.0.1", "", {}, "sha512-5+5HqXnsZPE65IJZSMkZtURARZelel2oXUEO8rH83VS/hxH5vv1uHquPg5wZs8yMAfdv971IU+kcPUczi7NVBQ=="],

    "pg/pg-types/postgres-date": ["postgres-date@1.0.7", "", {}, "sha512-suDmjLVQg78nMK2UZ454hAG+OAW+HQPZ6n++TNDUX+L0+uUlLywnoxJKDou51Zm+zTCjrCl0Nq6J9C5hP9vK/Q=="],

    "pg/pg-types/postgres-interval": ["postgres-interval@1.2.0", "", { "dependencies": { "xtend": "^4.0.0" } }, "sha512-9ZhXKM/rw350N1ovuWHbGxnGh/SNJ4cnxHiM0rxE4VN41wsg8P8zWn9hv/buK00RP4WvlOyr/RBDiptyxVbkZQ=="],
  }
}
